
Microsoft Visual Studio Solution File, Format Version 12.00
# Visual Studio 15
VisualStudioVersion = 15.0.27130.2027
MinimumVisualStudioVersion = 10.0.40219.1
Project("{FAE04EC0-301F-11D3-BF4B-00C04F79EFBC}") = "UI_TEST", "UI_TEST\UI_TEST.csproj", "{048C9E84-EF9E-475A-8657-CB6960FF887D}"
EndProject
Global
	GlobalSection(SolutionConfigurationPlatforms) = preSolution
		Debug|Any CPU = Debug|Any CPU
		Release|Any CPU = Release|Any CPU
	EndGlobalSection
	GlobalSection(ProjectConfigurationPlatforms) = postSolution
		{048C9E84-EF9E-475A-8657-CB6960FF887D}.Debug|Any CPU.ActiveCfg = Debug|Any CPU
		{048C9E84-EF9E-475A-8657-CB6960FF887D}.Debug|Any CPU.Build.0 = Debug|Any CPU
		{048C9E84-EF9E-475A-8657-CB6960FF887D}.Release|Any CPU.ActiveCfg = Release|Any CPU
		{048C9E84-EF9E-475A-8657-CB6960FF887D}.Release|Any CPU.Build.0 = Release|Any CPU
	EndGlobalSection
	GlobalSection(SolutionProperties) = preSolution
		HideSolutionNode = FALSE
	EndGlobalSection
	GlobalSection(ExtensibilityGlobals) = postSolution
		SolutionGuid = {6400AEB6-A75C-4B30-A3F1-E4E684E23E95}
	EndGlobalSection
EndGlobal
